
Microsoft Visual Studio Solution File, Format Version 12.00
Project("{FAE04EC0-301F-11D3-BF4B-00C04F79EFBC}") = "CodeReadability", "CodeReadability\CodeReadability.csproj", "{EBC7B5A1-4439-4871-B76C-C9317E99C524}"
EndProject
Project("{FAE04EC0-301F-11D3-BF4B-00C04F79EFBC}") = "CodeReadability.Tests", "CodeReadability.Tests\CodeReadability.Tests.csproj", "{66A320FE-F1CE-435E-B034-21CA939925F0}"
EndProject
Global
	GlobalSection(SolutionConfigurationPlatforms) = preSolution
		Debug|Any CPU = Debug|Any CPU
		Release|Any CPU = Release|Any CPU
	EndGlobalSection
	GlobalSection(ProjectConfigurationPlatforms) = postSolution
		{EBC7B5A1-4439-4871-B76C-C9317E99C524}.Debug|Any CPU.ActiveCfg = Debug|Any CPU
		{EBC7B5A1-4439-4871-B76C-C9317E99C524}.Debug|Any CPU.Build.0 = Debug|Any CPU
		{EBC7B5A1-4439-4871-B76C-C9317E99C524}.Release|Any CPU.ActiveCfg = Release|Any CPU
		{EBC7B5A1-4439-4871-B76C-C9317E99C524}.Release|Any CPU.Build.0 = Release|Any CPU
		{66A320FE-F1CE-435E-B034-21CA939925F0}.Debug|Any CPU.ActiveCfg = Debug|Any CPU
		{66A320FE-F1CE-435E-B034-21CA939925F0}.Debug|Any CPU.Build.0 = Debug|Any CPU
		{66A320FE-F1CE-435E-B034-21CA939925F0}.Release|Any CPU.ActiveCfg = Release|Any CPU
		{66A320FE-F1CE-435E-B034-21CA939925F0}.Release|Any CPU.Build.0 = Release|Any CPU
	EndGlobalSection
EndGlobal
